{
  "nodes": {
    "agent-skills": {
      "inputs": {
        "home-manager": [
          "home-manager"
        ],
        "nixpkgs": [
          "nixpkgs"
        ]
      },
      "locked": {
        "lastModified": 1781510879,
        "narHash": "sha256-YE3NCJtgZVa1U2VTjwQVuAhmEJW4raVq7eJaFiX60X8=",
        "owner": "Kyure-A",
        "repo": "agent-skills-nix",
        "rev": "5ff9039277a9d62907426d033ecf76addb2402cb",
        "type": "github"
      },
      "original": {
        "owner": "Kyure-A",
        "repo": "agent-skills-nix",
        "type": "github"
      }
    },
    "anthropic-skills": {
      "flake": false,
      "locked": {
        "lastModified": 1781037316,
        "narHash": "sha256-1D9otXxDvmKASBu/vtAEWv6kE+U+jG4OxZpRLZbGEF0=",
        "owner": "anthropics",
        "repo": "skills",
        "rev": "57546260929473d4e0d1c1bb75297be2fdfa1949",
        "type": "github"
      },
      "original": {
        "owner": "anthropics",
        "repo": "skills",
        "type": "github"
      }
    },
    "aws-agent-toolkit": {
      "flake": false,
      "locked": {
        "lastModified": 1781806491,
        "narHash": "sha256-x6blk4iVW2338gr3peZI7VNHV8NkNhCPj3sxdT70HhI=",
        "owner": "aws",
        "repo": "agent-toolkit-for-aws",
        "rev": "08025af3d27a1eb7c18fe06bf451df8b110e9e0e",
        "type": "github"
      },
      "original": {
        "owner": "aws",
        "repo": "agent-toolkit-for-aws",
        "type": "github"
      }
    },
    "blueprint": {
      "inputs": {
        "nixpkgs": [
          "llm-agents",
          "nixpkgs"
        ],
        "systems": [
          "llm-agents",
          "systems"
        ]
      },
      "locked": {
        "lastModified": 1776249299,
        "narHash": "sha256-Dt9t1TGRmJFc0xVYhttNBD6QsAgHOHCArqGa0AyjrJY=",
        "owner": "numtide",
        "repo": "blueprint",
        "rev": "56131e8628f173d24a27f6d27c0215eff57e40dd",
        "type": "github"
      },
      "original": {
        "owner": "numtide",
        "repo": "blueprint",
        "type": "github"
      }
    },
    "bun2nix": {
      "inputs": {
        "flake-parts": [
          "llm-agents",
          "flake-parts"
        ],
        "nixpkgs": [
          "llm-agents",
          "nixpkgs"
        ],
        "systems": [
          "llm-agents",
          "systems"
        ],
        "treefmt-nix": [
          "llm-agents",
          "treefmt-nix"
        ]
      },
      "locked": {
        "lastModified": 1778446047,
        "narHash": "sha256-oQvcadh2BCkrog+SGrG6YffKJrveYpjj3TdQJWaKhaM=",
        "owner": "nix-community",
        "repo": "bun2nix",
        "rev": "f2bc12af1a6369648aac41041ceeaa0b866599c6",
        "type": "github"
      },
      "original": {
        "owner": "nix-community",
        "repo": "bun2nix",
        "type": "github"
      }
    },
    "context7": {
      "flake": false,
      "locked": {
        "lastModified": 1781778382,
        "narHash": "sha256-DSeOdMhv30WFmHEC0mHQC/p8YMykpN7V1NEr8sMSyrc=",
        "owner": "upstash",
        "repo": "context7",
        "rev": "c97570227d30daa76670af6d02f152855012837f",
        "type": "github"
      },
      "original": {
        "owner": "upstash",
        "repo": "context7",
        "type": "github"
      }
    },
    "databricks-agent-skills": {
      "flake": false,
      "locked": {
        "lastModified": 1779977077,
        "narHash": "sha256-z/GRD8AYBH+NVXQDNNbc/2woMagFAkmkCD6UjKxMzUg=",
        "owner": "databricks-solutions",
        "repo": "ai-dev-kit",
        "rev": "76c774faec57fbb1b78fc8482ba64bf762bb42b1",
        "type": "github"
      },
      "original": {
        "owner": "databricks-solutions",
        "repo": "ai-dev-kit",
        "type": "github"
      }
    },
    "databricks-official-skills": {
      "flake": false,
      "locked": {
        "lastModified": 1781844753,
        "narHash": "sha256-MnLwKC1sYAlAPB42TAuD2OnIKCXnJuykYZE3/G7QQYI=",
        "owner": "databricks",
        "repo": "databricks-agent-skills",
        "rev": "3dd3d85367c6e2d6d317551025e02a7144fac7b0",
        "type": "github"
      },
      "original": {
        "owner": "databricks",
        "repo": "databricks-agent-skills",
        "type": "github"
      }
    },
    "dbt-agent-skills": {
      "flake": false,
      "locked": {
        "lastModified": 1781628089,
        "narHash": "sha256-uiCgk8ECGgm3zz6GFPYoUfNGdCo2IuFnaWbKzQyRSWE=",
        "owner": "dbt-labs",
        "repo": "dbt-agent-skills",
        "rev": "89089329137c16200c6f89b99901f8e44880c9f8",
        "type": "github"
      },
      "original": {
        "owner": "dbt-labs",
        "repo": "dbt-agent-skills",
        "type": "github"
      }
    },
    "flake-compat": {
      "flake": false,
      "locked": {
        "lastModified": 1761588595,
        "narHash": "sha256-XKUZz9zewJNUj46b4AJdiRZJAvSZ0Dqj2BNfXvFlJC4=",
        "owner": "edolstra",
        "repo": "flake-compat",
        "rev": "f387cd2afec9419c8ee37694406ca490c3f34ee5",
        "type": "github"
      },
      "original": {
        "owner": "edolstra",
        "repo": "flake-compat",
        "type": "github"
      }
    },
    "flake-compat_2": {
      "flake": false,
      "locked": {
        "lastModified": 1767039857,
        "narHash": "sha256-vNpUSpF5Nuw8xvDLj2KCwwksIbjua2LZCqhV1LNRDns=",
        "owner": "NixOS",
        "repo": "flake-compat",
        "rev": "5edf11c44bc78a0d334f6334cdaf7d60d732daab",
        "type": "github"
      },
      "original": {
        "owner": "NixOS",
        "repo": "flake-compat",
        "type": "github"
      }
    },
    "flake-compat_3": {
      "flake": false,
      "locked": {
        "lastModified": 1767039857,
        "narHash": "sha256-vNpUSpF5Nuw8xvDLj2KCwwksIbjua2LZCqhV1LNRDns=",
        "owner": "NixOS",
        "repo": "flake-compat",
        "rev": "5edf11c44bc78a0d334f6334cdaf7d60d732daab",
        "type": "github"
      },
      "original": {
        "owner": "NixOS",
        "repo": "flake-compat",
        "type": "github"
      }
    },
    "flake-parts": {
      "inputs": {
        "nixpkgs-lib": "nixpkgs-lib"
      },
      "locked": {
        "lastModified": 1778716662,
        "narHash": "sha256-m1Yf0wZ8j1OHjTc2UwHwyQRSnNeSgLJOd7q5Y45hzi4=",
        "owner": "hercules-ci",
        "repo": "flake-parts",
        "rev": "f7c1a2d347e4c52d5fb8d10cb4d94b5884e546fb",
        "type": "github"
      },
      "original": {
        "owner": "hercules-ci",
        "repo": "flake-parts",
        "type": "github"
      }
    },
    "flake-parts_2": {
      "inputs": {
        "nixpkgs-lib": [
          "llm-agents",
          "nixpkgs"
        ]
      },
      "locked": {
        "lastModified": 1778716662,
        "narHash": "sha256-m1Yf0wZ8j1OHjTc2UwHwyQRSnNeSgLJOd7q5Y45hzi4=",
        "owner": "hercules-ci",
        "repo": "flake-parts",
        "rev": "f7c1a2d347e4c52d5fb8d10cb4d94b5884e546fb",
        "type": "github"
      },
      "original": {
        "owner": "hercules-ci",
        "repo": "flake-parts",
        "type": "github"
      }
    },
    "flake-parts_3": {
      "inputs": {
        "nixpkgs-lib": "nixpkgs-lib_2"
      },
      "locked": {
        "lastModified": 1778716662,
        "narHash": "sha256-m1Yf0wZ8j1OHjTc2UwHwyQRSnNeSgLJOd7q5Y45hzi4=",
        "owner": "hercules-ci",
        "repo": "flake-parts",
        "rev": "f7c1a2d347e4c52d5fb8d10cb4d94b5884e546fb",
        "type": "github"
      },
      "original": {
        "owner": "hercules-ci",
        "repo": "flake-parts",
        "type": "github"
      }
    },
    "gh-prism": {
      "inputs": {
        "git-hooks": "git-hooks",
        "nixpkgs": [
          "nixpkgs"
        ]
      },
      "locked": {
        "lastModified": 1775529530,
        "narHash": "sha256-kHSqIUw2IbHQVZQOrXBCwGAtfjL+G863pikaKetGTc0=",
        "owner": "kawarimidoll",
        "repo": "gh-prism",
        "rev": "32e679d755e3d124821e42f6f966fbfa3e1c9b88",
        "type": "github"
      },
      "original": {
        "owner": "kawarimidoll",
        "repo": "gh-prism",
        "type": "github"
      }
    },
    "git-hooks": {
      "inputs": {
        "flake-compat": "flake-compat",
        "gitignore": "gitignore",
        "nixpkgs": [
          "gh-prism",
          "nixpkgs"
        ]
      },
      "locked": {
        "lastModified": 1765016596,
        "narHash": "sha256-rhSqPNxDVow7OQKi4qS5H8Au0P4S3AYbawBSmJNUtBQ=",
        "owner": "cachix",
        "repo": "git-hooks.nix",
        "rev": "548fc44fca28a5e81c5d6b846e555e6b9c2a5a3c",
        "type": "github"
      },
      "original": {
        "owner": "cachix",
        "repo": "git-hooks.nix",
        "type": "github"
      }
    },
    "git-hooks_2": {
      "inputs": {
        "flake-compat": "flake-compat_2",
        "gitignore": "gitignore_2",
        "nixpkgs": [
          "nixpkgs"
        ]
      },
      "locked": {
        "lastModified": 1781733627,
        "narHash": "sha256-U3yTuGBnmXvXoQI3qkpfEDsn9RovQPAjN7ndRco+3u0=",
        "owner": "cachix",
        "repo": "git-hooks.nix",
        "rev": "3bbec39bc90eadfa031e6f3b77272f3f60803e39",
        "type": "github"
      },
      "original": {
        "owner": "cachix",
        "repo": "git-hooks.nix",
        "type": "github"
      }
    },
    "git-hooks_3": {
      "inputs": {
        "flake-compat": "flake-compat_3",
        "gitignore": "gitignore_3",
        "nixpkgs": [
          "tmux-a2a-postman",
          "nixpkgs"
        ]
      },
      "locked": {
        "lastModified": 1778507602,
        "narHash": "sha256-kTwur1wV+01SdqskVMSo6JMEpg71ps3HpbFY2GsflKs=",
        "owner": "cachix",
        "repo": "git-hooks.nix",
        "rev": "61ab0e80d9c7ab14c256b5b453d8b3fb0189ba0a",
        "type": "github"
      },
      "original": {
        "owner": "cachix",
        "repo": "git-hooks.nix",
        "type": "github"
      }
    },
    "gitignore": {
      "inputs": {
        "nixpkgs": [
          "gh-prism",
          "git-hooks",
          "nixpkgs"
        ]
      },
      "locked": {
        "lastModified": 1709087332,
        "narHash": "sha256-HG2cCnktfHsKV0s4XW83gU3F57gaTljL9KNSuG6bnQs=",
        "owner": "hercules-ci",
        "repo": "gitignore.nix",
        "rev": "637db329424fd7e46cf4185293b9cc8c88c95394",
        "type": "github"
      },
      "original": {
        "owner": "hercules-ci",
        "repo": "gitignore.nix",
        "type": "github"
      }
    },
    "gitignore_2": {
      "inputs": {
        "nixpkgs": [
          "git-hooks",
          "nixpkgs"
        ]
      },
      "locked": {
        "lastModified": 1709087332,
        "narHash": "sha256-HG2cCnktfHsKV0s4XW83gU3F57gaTljL9KNSuG6bnQs=",
        "owner": "hercules-ci",
        "repo": "gitignore.nix",
        "rev": "637db329424fd7e46cf4185293b9cc8c88c95394",
        "type": "github"
      },
      "original": {
        "owner": "hercules-ci",
        "repo": "gitignore.nix",
        "type": "github"
      }
    },
    "gitignore_3": {
      "inputs": {
        "nixpkgs": [
          "tmux-a2a-postman",
          "git-hooks",
          "nixpkgs"
        ]
      },
      "locked": {
        "lastModified": 1709087332,
        "narHash": "sha256-HG2cCnktfHsKV0s4XW83gU3F57gaTljL9KNSuG6bnQs=",
        "owner": "hercules-ci",
        "repo": "gitignore.nix",
        "rev": "637db329424fd7e46cf4185293b9cc8c88c95394",
        "type": "github"
      },
      "original": {
        "owner": "hercules-ci",
        "repo": "gitignore.nix",
        "type": "github"
      }
    },
    "google-skills": {
      "flake": false,
      "locked": {
        "lastModified": 1781830950,
        "narHash": "sha256-SKFWNyUbWVGcdyHvGRlk9YjI06kSLSovLHM7u79P5Yk=",
        "owner": "google",
        "repo": "skills",
        "rev": "fb09ea35681a3dd7a6847cba012ed340df00b6b4",
        "type": "github"
      },
      "original": {
        "owner": "google",
        "repo": "skills",
        "type": "github"
      }
    },
    "hashicorp-agent-skills": {
      "flake": false,
      "locked": {
        "lastModified": 1779983208,
        "narHash": "sha256-NMelhZRwYpVq39QeK9cAOkhzVgWbPLVOv5Plf5iQ+Lw=",
        "owner": "hashicorp",
        "repo": "agent-skills",
        "rev": "339a113935812ad75c6ff90d418b739a021826d1",
        "type": "github"
      },
      "original": {
        "owner": "hashicorp",
        "repo": "agent-skills",
        "type": "github"
      }
    },
    "home-manager": {
      "inputs": {
        "nixpkgs": [
          "nixpkgs"
        ]
      },
      "locked": {
        "lastModified": 1781844424,
        "narHash": "sha256-sWBr0D6eu6UhmtM87NOd4oOYilIclFXGDd/s7tVvO10=",
        "owner": "nix-community",
        "repo": "home-manager",
        "rev": "c804fab681f03ec772390af4421bcc9bce80c1d9",
        "type": "github"
      },
      "original": {
        "owner": "nix-community",
        "ref": "master",
        "repo": "home-manager",
        "type": "github"
      }
    },
    "llm-agents": {
      "inputs": {
        "blueprint": "blueprint",
        "bun2nix": "bun2nix",
        "flake-parts": "flake-parts_2",
        "nixpkgs": "nixpkgs",
        "systems": "systems",
        "treefmt-nix": "treefmt-nix"
      },
      "locked": {
        "lastModified": 1781839026,
        "narHash": "sha256-va+uSimE2DiYN6tZ/XtJy7on2nrvRLblhinL2XBHLjM=",
        "owner": "numtide",
        "repo": "llm-agents.nix",
        "rev": "815fcb0494fc165dae77c828ecf63634e9030043",
        "type": "github"
      },
      "original": {
        "owner": "numtide",
        "repo": "llm-agents.nix",
        "type": "github"
      }
    },
    "markdown-formatter": {
      "inputs": {
        "flake-parts": [
          "flake-parts"
        ],
        "git-hooks": [
          "git-hooks"
        ],
        "nixpkgs": [
          "nixpkgs"
        ],
        "treefmt-nix": [
          "treefmt-nix"
        ]
      },
      "locked": {
        "lastModified": 1781662129,
        "narHash": "sha256-AuqB3Y5slHDazDvgTHaMMX59DJB4qYBB3IiWdikj8ls=",
        "owner": "i9wa4",
        "repo": "markdown-formatter",
        "rev": "4dcfc8afc3b73055a76b2e5c6e1531f67d96dd5b",
        "type": "github"
      },
      "original": {
        "owner": "i9wa4",
        "repo": "markdown-formatter",
        "type": "github"
      }
    },
    "markdown-formatter_2": {
      "inputs": {
        "flake-parts": [
          "tmux-a2a-postman",
          "flake-parts"
        ],
        "git-hooks": [
          "tmux-a2a-postman",
          "git-hooks"
        ],
        "nixpkgs": [
          "tmux-a2a-postman",
          "nixpkgs"
        ],
        "treefmt-nix": [
          "tmux-a2a-postman",
          "treefmt-nix"
        ]
      },
      "locked": {
        "lastModified": 1779775345,
        "narHash": "sha256-Z67fTUheFOzivHUQx64xy2RvqNoK6wjoc6S+d+hvlV8=",
        "owner": "i9wa4",
        "repo": "markdown-formatter",
        "rev": "d1affc49336cfefef3b76c42afb00427a176a96f",
        "type": "github"
      },
      "original": {
        "owner": "i9wa4",
        "repo": "markdown-formatter",
        "type": "github"
      }
    },
    "markdown-remote-viewer": {
      "inputs": {
        "flake-parts": [
          "flake-parts"
        ],
        "git-hooks": [
          "git-hooks"
        ],
        "nixpkgs": [
          "nixpkgs"
        ],
        "treefmt-nix": [
          "treefmt-nix"
        ]
      },
      "locked": {
        "lastModified": 1780410960,
        "narHash": "sha256-usis+X28NH/RcKsMQLKsjATdJIR5gqmGRGhYq81PZ2k=",
        "owner": "i9wa4",
        "repo": "markdown-remote-viewer",
        "rev": "627b2c835cc9731810f7b52795572e7970ddeaf8",
        "type": "github"
      },
      "original": {
        "owner": "i9wa4",
        "repo": "markdown-remote-viewer",
        "type": "github"
      }
    },
    "mcp-servers-nix": {
      "inputs": {
        "nixpkgs": [
          "nixpkgs"
        ]
      },
      "locked": {
        "lastModified": 1781809598,
        "narHash": "sha256-KcVbMUL+5m5yOqdlcqwxkkBGCsg9ad1gK0uevVaZJpI=",
        "owner": "natsukium",
        "repo": "mcp-servers-nix",
        "rev": "ef5fbe50038c75772c638d0392623737085ed4ee",
        "type": "github"
      },
      "original": {
        "owner": "natsukium",
        "repo": "mcp-servers-nix",
        "type": "github"
      }
    },
    "nix-darwin": {
      "inputs": {
        "nixpkgs": [
          "nixpkgs"
        ]
      },
      "locked": {
        "lastModified": 1781761792,
        "narHash": "sha256-rCPytmKNjctLloB6UgK5CRrHSwV4b0ygxtJLPPp8R14=",
        "owner": "nix-darwin",
        "repo": "nix-darwin",
        "rev": "a1fa429e945becaf60468600daf649be4ba0350c",
        "type": "github"
      },
      "original": {
        "owner": "nix-darwin",
        "ref": "master",
        "repo": "nix-darwin",
        "type": "github"
      }
    },
    "nix-index-database": {
      "inputs": {
        "nixpkgs": [
          "nixpkgs"
        ]
      },
      "locked": {
        "lastModified": 1781422160,
        "narHash": "sha256-W7S8O86bVrw2gaomEwkHStOzmPpnFIHQ6lS4Q2HffJ0=",
        "owner": "Mic92",
        "repo": "nix-index-database",
        "rev": "854d04e2368fb2e9c328a36b3c0a04cd713bfae1",
        "type": "github"
      },
      "original": {
        "owner": "Mic92",
        "repo": "nix-index-database",
        "type": "github"
      }
    },
    "nixpkgs": {
      "locked": {
        "lastModified": 1781607440,
        "narHash": "sha256-rxO+uc/KFbSJp+pgyXRuAX6QlG9hJdnt0BXpEQRXY+U=",
        "owner": "NixOS",
        "repo": "nixpkgs",
        "rev": "3e41b24abd260e8f71dbe2f5737d24122f972158",
        "type": "github"
      },
      "original": {
        "owner": "NixOS",
        "ref": "nixpkgs-unstable",
        "repo": "nixpkgs",
        "type": "github"
      }
    },
    "nixpkgs-lib": {
      "locked": {
        "lastModified": 1777168982,
        "narHash": "sha256-GOkGPcboWE9BmGCRMLX3worL4EMnsnG8MyKmXNeYuhQ=",
        "owner": "nix-community",
        "repo": "nixpkgs.lib",
        "rev": "f5901329dade4a6ea039af1433fb087bd9c1fe14",
        "type": "github"
      },
      "original": {
        "owner": "nix-community",
        "repo": "nixpkgs.lib",
        "type": "github"
      }
    },
    "nixpkgs-lib_2": {
      "locked": {
        "lastModified": 1777168982,
        "narHash": "sha256-GOkGPcboWE9BmGCRMLX3worL4EMnsnG8MyKmXNeYuhQ=",
        "owner": "nix-community",
        "repo": "nixpkgs.lib",
        "rev": "f5901329dade4a6ea039af1433fb087bd9c1fe14",
        "type": "github"
      },
      "original": {
        "owner": "nix-community",
        "repo": "nixpkgs.lib",
        "type": "github"
      }
    },
    "nixpkgs_2": {
      "locked": {
        "lastModified": 1781607440,
        "narHash": "sha256-rxO+uc/KFbSJp+pgyXRuAX6QlG9hJdnt0BXpEQRXY+U=",
        "owner": "NixOS",
        "repo": "nixpkgs",
        "rev": "3e41b24abd260e8f71dbe2f5737d24122f972158",
        "type": "github"
      },
      "original": {
        "owner": "NixOS",
        "ref": "nixpkgs-unstable",
        "repo": "nixpkgs",
        "type": "github"
      }
    },
    "nixpkgs_3": {
      "locked": {
        "lastModified": 1779877693,
        "narHash": "sha256-NOF9NAREhxr50bbBfVcVOq+ArCMSoe8dP79Pk2uyARk=",
        "owner": "NixOS",
        "repo": "nixpkgs",
        "rev": "4100e830e085863741bc69b156ec4ccd53ab5be0",
        "type": "github"
      },
      "original": {
        "owner": "NixOS",
        "ref": "nixpkgs-unstable",
        "repo": "nixpkgs",
        "type": "github"
      }
    },
    "obsidian-skills": {
      "flake": false,
      "locked": {
        "lastModified": 1780935121,
        "narHash": "sha256-/Kr3cMaN81WXFxgWMNt/QQhEMzuu3e3WJpspqjrnPss=",
        "owner": "kepano",
        "repo": "obsidian-skills",
        "rev": "a1dc48e68138490d522c04cbf5822214c6eb1202",
        "type": "github"
      },
      "original": {
        "owner": "kepano",
        "repo": "obsidian-skills",
        "type": "github"
      }
    },
    "root": {
      "inputs": {
        "agent-skills": "agent-skills",
        "anthropic-skills": "anthropic-skills",
        "aws-agent-toolkit": "aws-agent-toolkit",
        "context7": "context7",
        "databricks-agent-skills": "databricks-agent-skills",
        "databricks-official-skills": "databricks-official-skills",
        "dbt-agent-skills": "dbt-agent-skills",
        "flake-parts": "flake-parts",
        "gh-prism": "gh-prism",
        "git-hooks": "git-hooks_2",
        "google-skills": "google-skills",
        "hashicorp-agent-skills": "hashicorp-agent-skills",
        "home-manager": "home-manager",
        "llm-agents": "llm-agents",
        "markdown-formatter": "markdown-formatter",
        "markdown-remote-viewer": "markdown-remote-viewer",
        "mcp-servers-nix": "mcp-servers-nix",
        "nix-darwin": "nix-darwin",
        "nix-index-database": "nix-index-database",
        "nixpkgs": "nixpkgs_2",
        "obsidian-skills": "obsidian-skills",
        "streamlit-skills": "streamlit-skills",
        "tmux-a2a-postman": "tmux-a2a-postman",
        "treefmt-nix": "treefmt-nix_3"
      }
    },
    "streamlit-skills": {
      "flake": false,
      "locked": {
        "lastModified": 1778710006,
        "narHash": "sha256-FF5xCMQIMNmbwNpkqywIUldQbHUeRti5ikIZgZSO7ao=",
        "owner": "streamlit",
        "repo": "agent-skills",
        "rev": "d84e3344dade2b689f3d9164f55f346106344dfd",
        "type": "github"
      },
      "original": {
        "owner": "streamlit",
        "repo": "agent-skills",
        "type": "github"
      }
    },
    "systems": {
      "locked": {
        "lastModified": 1681028828,
        "narHash": "sha256-Vy1rq5AaRuLzOxct8nz4T6wlgyUR7zLU309k9mBC768=",
        "owner": "nix-systems",
        "repo": "default",
        "rev": "da67096a3b9bf56a91d16901293e51ba5b49a27e",
        "type": "github"
      },
      "original": {
        "owner": "nix-systems",
        "repo": "default",
        "type": "github"
      }
    },
    "tmux-a2a-postman": {
      "inputs": {
        "flake-parts": "flake-parts_3",
        "git-hooks": "git-hooks_3",
        "markdown-formatter": "markdown-formatter_2",
        "nixpkgs": "nixpkgs_3",
        "treefmt-nix": "treefmt-nix_2"
      },
      "locked": {
        "lastModified": 1780302343,
        "narHash": "sha256-MA+k8KlGJ4zyhUmicSBpxbyLbkQHHpnpmH+wfe/Osoc=",
        "owner": "i9wa4",
        "repo": "tmux-a2a-postman",
        "rev": "c38ef7f6ef37407bebe54174dc184e5959504ceb",
        "type": "github"
      },
      "original": {
        "owner": "i9wa4",
        "ref": "v0.8.5",
        "repo": "tmux-a2a-postman",
        "type": "github"
      }
    },
    "treefmt-nix": {
      "inputs": {
        "nixpkgs": [
          "llm-agents",
          "nixpkgs"
        ]
      },
      "locked": {
        "lastModified": 1780220602,
        "narHash": "sha256-eynAfOmbmxJnkp7YewvCEbShNnnYJ9gLLqkzsYtBPeM=",
        "owner": "numtide",
        "repo": "treefmt-nix",
        "rev": "db947814a175b7ca6ded66e21383d938df01c227",
        "type": "github"
      },
      "original": {
        "owner": "numtide",
        "repo": "treefmt-nix",
        "type": "github"
      }
    },
    "treefmt-nix_2": {
      "inputs": {
        "nixpkgs": [
          "tmux-a2a-postman",
          "nixpkgs"
        ]
      },
      "locked": {
        "lastModified": 1775636079,
        "narHash": "sha256-pc20NRoMdiar8oPQceQT47UUZMBTiMdUuWrYu2obUP0=",
        "owner": "numtide",
        "repo": "treefmt-nix",
        "rev": "790751ff7fd3801feeaf96d7dc416a8d581265ba",
        "type": "github"
      },
      "original": {
        "owner": "numtide",
        "repo": "treefmt-nix",
        "type": "github"
      }
    },
    "treefmt-nix_3": {
      "inputs": {
        "nixpkgs": [
          "nixpkgs"
        ]
      },
      "locked": {
        "lastModified": 1780220602,
        "narHash": "sha256-eynAfOmbmxJnkp7YewvCEbShNnnYJ9gLLqkzsYtBPeM=",
        "owner": "numtide",
        "repo": "treefmt-nix",
        "rev": "db947814a175b7ca6ded66e21383d938df01c227",
        "type": "github"
      },
      "original": {
        "owner": "numtide",
        "repo": "treefmt-nix",
        "type": "github"
      }
    }
  },
  "root": "root",
  "version": 7
}
